{
  "name": "website",
  "lockfileVersion": 2,
  "requires": true,
  "packages": {
    "": {
      "dependencies": {
        "bootstrap": "^3.2",
        "font-awesome": "^4.7.0",
        "google-code-prettify": "^1.0.0",
        "jquery": "^3.6.1"
      }
    },
    "node_modules/bootstrap": {
      "version": "3.2.0",
      "resolved": "https://registry.npmjs.org/bootstrap/-/bootstrap-3.2.0.tgz",
      "integrity": "sha512-MVUiqgpLinHRQlO8RIEsua7gmA+OHPD9wQU2ShAl+PzqmPXC0qzPgrynZEWTA6YlSY+APl7NEF3jXhBixadAvg==",
      "engines": {
        "node": "~0.10.1"
      }
    },
    "node_modules/font-awesome": {
      "version": "4.7.0",
      "resolved": "https://registry.npmjs.org/font-awesome/-/font-awesome-4.7.0.tgz",
      "integrity": "sha512-U6kGnykA/6bFmg1M/oT9EkFeIYv7JlX3bozwQJWiiLz6L0w3F5vBVPxHlwyX/vtNq1ckcpRKOB9f2Qal/VtFpg==",
      "engines": {
        "node": ">=0.10.3"
      }
    },
    "node_modules/google-code-prettify": {
      "version": "1.0.5",
      "resolved": "https://registry.npmjs.org/google-code-prettify/-/google-code-prettify-1.0.5.tgz",
      "integrity": "sha512-Y47Bw63zJKCuqTuhTZC1ct4e/0ADuMssxXhnrP8QHq71tE2aYBKG6wQwXr8zya0zIUd0mKN3XTlI5AME4qm6NQ=="
    },
    "node_modules/jquery": {
      "version": "3.6.1",
      "resolved": "https://registry.npmjs.org/jquery/-/jquery-3.6.1.tgz",
      "integrity": "sha512-opJeO4nCucVnsjiXOE+/PcCgYw9Gwpvs/a6B1LL/lQhwWwpbVEVYDZ1FokFr8PRc7ghYlrFPuyHuiiDNTQxmcw=="
    }
  },
  "dependencies": {
    "bootstrap": {
      "version": "3.2.0",
      "resolved": "https://registry.npmjs.org/bootstrap/-/bootstrap-3.2.0.tgz",
      "integrity": "sha512-MVUiqgpLinHRQlO8RIEsua7gmA+OHPD9wQU2ShAl+PzqmPXC0qzPgrynZEWTA6YlSY+APl7NEF3jXhBixadAvg=="
    },
    "font-awesome": {
      "version": "4.7.0",
      "resolved": "https://registry.npmjs.org/font-awesome/-/font-awesome-4.7.0.tgz",
      "integrity": "sha512-U6kGnykA/6bFmg1M/oT9EkFeIYv7JlX3bozwQJWiiLz6L0w3F5vBVPxHlwyX/vtNq1ckcpRKOB9f2Qal/VtFpg=="
    },
    "google-code-prettify": {
      "version": "1.0.5",
      "resolved": "https://registry.npmjs.org/google-code-prettify/-/google-code-prettify-1.0.5.tgz",
      "integrity": "sha512-Y47Bw63zJKCuqTuhTZC1ct4e/0ADuMssxXhnrP8QHq71tE2aYBKG6wQwXr8zya0zIUd0mKN3XTlI5AME4qm6NQ=="
    },
    "jquery": {
      "version": "3.6.1",
      "resolved": "https://registry.npmjs.org/jquery/-/jquery-3.6.1.tgz",
      "integrity": "sha512-opJeO4nCucVnsjiXOE+/PcCgYw9Gwpvs/a6B1LL/lQhwWwpbVEVYDZ1FokFr8PRc7ghYlrFPuyHuiiDNTQxmcw=="
    }
  }
}
